// !$*UTF8*$!
{
	archiveVersion = 1;
	classes = {
	};
	objectVersion = 50;
	objects = {

/* Begin PBXBuildFile section */
		FE33EC21262AC2440040DEAC /* CoreDataProjectApp.swift in Sources */ = {isa = PBXBuildFile; fileRef = FE33EC20262AC2440040DEAC /* CoreDataProjectApp.swift */; };
		FE33EC23262AC2440040DEAC /* ContentView.swift in Sources */ = {isa = PBXBuildFile; fileRef = FE33EC22262AC2440040DEAC /* ContentView.swift */; };
		FE33EC25262AC2470040DEAC /* Assets.xcassets in Resources */ = {isa = PBXBuildFile; fileRef = FE33EC24262AC2470040DEAC /* Assets.xcassets */; };
		FE33EC28262AC2470040DEAC /* Preview Assets.xcassets in Resources */ = {isa = PBXBuildFile; fileRef = FE33EC27262AC2470040DEAC /* Preview Assets.xcassets */; };
		FE33EC32262AC28E0040DEAC /* CoreDataProjectModel.xcdatamodeld in Sources */ = {isa = PBXBuildFile; fileRef = FE33EC30262AC28E0040DEAC /* CoreDataProjectModel.xcdatamodeld */; };
		FE9E7F89262AF3B3004240C6 /* PersistenceController.swift in Sources */ = {isa = PBXBuildFile; fileRef = FE9E7F88262AF3B3004240C6 /* PersistenceController.swift */; };
		FE9E7F8E262AFF28004240C6 /* Singer+CoreDataClass.swift in Sources */ = {isa = PBXBuildFile; fileRef = FE9E7F8C262AFF28004240C6 /* Singer+CoreDataClass.swift */; };
		FE9E7F8F262AFF28004240C6 /* Singer+CoreDataProperties.swift in Sources */ = {isa = PBXBuildFile; fileRef = FE9E7F8D262AFF28004240C6 /* Singer+CoreDataProperties.swift */; };
		FE9E7F93262B035C004240C6 /* FilteredList.swift in Sources */ = {isa = PBXBuildFile; fileRef = FE9E7F92262B035C004240C6 /* FilteredList.swift */; };
/* End PBXBuildFile section */

/* Begin PBXFileReference section */
		FE33EC1D262AC2440040DEAC /* CoreDataProject.app */ = {isa = PBXFileReference; explicitFileType = wrapper.application; includeInIndex = 0; path = CoreDataProject.app; sourceTree = BUILT_PRODUCTS_DIR; };
		FE33EC20262AC2440040DEAC /* CoreDataProjectApp.swift */ = {isa = PBXFileReference; lastKnownFileType = sourcecode.swift; path = CoreDataProjectApp.swift; sourceTree = "<group>"; };
		FE33EC22262AC2440040DEAC /* ContentView.swift */ = {isa = PBXFileReference; lastKnownFileType = sourcecode.swift; path = ContentView.swift; sourceTree = "<group>"; };
		FE33EC24262AC2470040DEAC /* Assets.xcassets */ = {isa = PBXFileReference; lastKnownFileType = folder.assetcatalog; path = Assets.xcassets; sourceTree = "<group>"; };
		FE33EC27262AC2470040DEAC /* Preview Assets.xcassets */ = {isa = PBXFileReference; lastKnownFileType = folder.assetcatalog; path = "Preview Assets.xcassets"; sourceTree = "<group>"; };
		FE33EC29262AC2470040DEAC /* Info.plist */ = {isa = PBXFileReference; lastKnownFileType = text.plist.xml; path = Info.plist; sourceTree = "<group>"; };
		FE33EC31262AC28E0040DEAC /* CoreDataProjectModel.xcdatamodel */ = {isa = PBXFileReference; lastKnownFileType = wrapper.xcdatamodel; path = CoreDataProjectModel.xcdatamodel; sourceTree = "<group>"; };
		FE9E7F88262AF3B3004240C6 /* PersistenceController.swift */ = {isa = PBXFileReference; lastKnownFileType = sourcecode.swift; path = PersistenceController.swift; sourceTree = "<group>"; };
		FE9E7F8C262AFF28004240C6 /* Singer+CoreDataClass.swift */ = {isa = PBXFileReference; lastKnownFileType = sourcecode.swift; path = "Singer+CoreDataClass.swift"; sourceTree = "<group>"; };
		FE9E7F8D262AFF28004240C6 /* Singer+CoreDataProperties.swift */ = {isa = PBXFileReference; lastKnownFileType = sourcecode.swift; path = "Singer+CoreDataProperties.swift"; sourceTree = "<group>"; };
		FE9E7F92262B035C004240C6 /* FilteredList.swift */ = {isa = PBXFileReference; lastKnownFileType = sourcecode.swift; path = FilteredList.swift; sourceTree = "<group>"; };
/* End PBXFileReference section */

/* Begin PBXFrameworksBuildPhase section */
		FE33EC1A262AC2440040DEAC /* Frameworks */ = {
			isa = PBXFrameworksBuildPhase;
			buildActionMask = 2147483647;
			files = (
			);
			runOnlyForDeploymentPostprocessing = 0;
		};
/* End PBXFrameworksBuildPhase section */

/* Begin PBXGroup section */
		FE33EC14262AC2440040DEAC = {
			isa = PBXGroup;
			children = (
				FE33EC1F262AC2440040DEAC /* CoreDataProject */,
				FE33EC1E262AC2440040DEAC /* Products */,
			);
			sourceTree = "<group>";
		};
		FE33EC1E262AC2440040DEAC /* Products */ = {
			isa = PBXGroup;
			children = (
				FE33EC1D262AC2440040DEAC /* CoreDataProject.app */,
			);
			name = Products;
			sourceTree = "<group>";
		};
		FE33EC1F262AC2440040DEAC /* CoreDataProject */ = {
			isa = PBXGroup;
			children = (
				FE33EC20262AC2440040DEAC /* CoreDataProjectApp.swift */,
				FE33EC22262AC2440040DEAC /* ContentView.swift */,
				FE9E7F92262B035C004240C6 /* FilteredList.swift */,
				FE9E7F88262AF3B3004240C6 /* PersistenceController.swift */,
				FE9E7F8D262AFF28004240C6 /* Singer+CoreDataProperties.swift */,
				FE9E7F8C262AFF28004240C6 /* Singer+CoreDataClass.swift */,
				FE33EC24262AC2470040DEAC /* Assets.xcassets */,
				FE33EC29262AC2470040DEAC /* Info.plist */,
				FE33EC30262AC28E0040DEAC /* CoreDataProjectModel.xcdatamodeld */,
				FE33EC26262AC2470040DEAC /* Preview Content */,
			);
			path = CoreDataProject;
			sourceTree = "<group>";
		};
		FE33EC26262AC2470040DEAC /* Preview Content */ = {
			isa = PBXGroup;
			children = (
				FE33EC27262AC2470040DEAC /* Preview Assets.xcassets */,
			);
			path = "Preview Content";
			sourceTree = "<group>";
		};
/* End PBXGroup section */

/* Begin PBXNativeTarget section */
		FE33EC1C262AC2440040DEAC /* CoreDataProject */ = {
			isa = PBXNativeTarget;
			buildConfigurationList = FE33EC2C262AC2470040DEAC /* Build configuration list for PBXNativeTarget "CoreDataProject" */;
			buildPhases = (
				FE33EC19262AC2440040DEAC /* Sources */,
				FE33EC1A262AC2440040DEAC /* Frameworks */,
				FE33EC1B262AC2440040DEAC /* Resources */,
			);
			buildRules = (
			);
			dependencies = (
			);
			name = CoreDataProject;
			productName = CoreDataProject;
			productReference = FE33EC1D262AC2440040DEAC /* CoreDataProject.app */;
			productType = "com.apple.product-type.application";
		};
/* End PBXNativeTarget section */

/* Begin PBXProject section */
		FE33EC15262AC2440040DEAC /* Project object */ = {
			isa = PBXProject;
			attributes = {
				LastSwiftUpdateCheck = 1240;
				LastUpgradeCheck = 1240;
				TargetAttributes = {
					FE33EC1C262AC2440040DEAC = {
						CreatedOnToolsVersion = 12.4;
					};
				};
			};
			buildConfigurationList = FE33EC18262AC2440040DEAC /* Build configuration list for PBXProject "CoreDataProject" */;
			compatibilityVersion = "Xcode 9.3";
			developmentRegion = en;
			hasScannedForEncodings = 0;
			knownRegions = (
				en,
				Base,
			);
			mainGroup = FE33EC14262AC2440040DEAC;
			productRefGroup = FE33EC1E262AC2440040DEAC /* Products */;
			projectDirPath = "";
			projectRoot = "";
			targets = (
				FE33EC1C262AC2440040DEAC /* CoreDataProject */,
			);
		};
/* End PBXProject section */

/* Begin PBXResourcesBuildPhase section */
		FE33EC1B262AC2440040DEAC /* Resources */ = {
			isa = PBXResourcesBuildPhase;
			buildActionMask = 2147483647;
			files = (
				FE33EC28262AC2470040DEAC /* Preview Assets.xcassets in Resources */,
				FE33EC25262AC2470040DEAC /* Assets.xcassets in Resources */,
			);
			runOnlyForDeploymentPostprocessing = 0;
		};
/* End PBXResourcesBuildPhase section */

/* Begin PBXSourcesBuildPhase section */
		FE33EC19262AC2440040DEAC /* Sources */ = {
			isa = PBXSourcesBuildPhase;
			buildActionMask = 2147483647;
			files = (
				FE33EC23262AC2440040DEAC /* ContentView.swift in Sources */,
				FE9E7F8F262AFF28004240C6 /* Singer+CoreDataProperties.swift in Sources */,
				FE33EC21262AC2440040DEAC /* CoreDataProjectApp.swift in Sources */,
				FE9E7F8E262AFF28004240C6 /* Singer+CoreDataClass.swift in Sources */,
				FE33EC32262AC28E0040DEAC /* CoreDataProjectModel.xcdatamodeld in Sources */,
				FE9E7F89262AF3B3004240C6 /* PersistenceController.swift in Sources */,
				FE9E7F93262B035C004240C6 /* FilteredList.swift in Sources */,
			);
			runOnlyForDeploymentPostprocessing = 0;
		};
/* End PBXSourcesBuildPhase section */

/* Begin XCBuildConfiguration section */
		FE33EC2A262AC2470040DEAC /* Debug */ = {
			isa = XCBuildConfiguration;
			buildSettings = {
				ALWAYS_SEARCH_USER_PATHS = NO;
				CLANG_ANALYZER_NONNULL = YES;
				CLANG_ANALYZER_NUMBER_OBJECT_CONVERSION = YES_AGGRESSIVE;
				CLANG_CXX_LANGUAGE_STANDARD = "gnu++14";
				CLANG_CXX_LIBRARY = "libc++";
				CLANG_ENABLE_MODULES = YES;
				CLANG_ENABLE_OBJC_ARC = YES;
				CLANG_ENABLE_OBJC_WEAK = YES;
				CLANG_WARN_BLOCK_CAPTURE_AUTORELEASING = YES;
				CLANG_WARN_BOOL_CONVERSION = YES;
				CLANG_WARN_COMMA = YES;
				CLANG_WARN_CONSTANT_CONVERSION = YES;
				CLANG_WARN_DEPRECATED_OBJC_IMPLEMENTATIONS = YES;
				CLANG_WARN_DIRECT_OBJC_ISA_USAGE = YES_ERROR;
				CLANG_WARN_DOCUMENTATION_COMMENTS = YES;
				CLANG_WARN_EMPTY_BODY = YES;
				CLANG_WARN_ENUM_CONVERSION = YES;
				CLANG_WARN_INFINITE_RECURSION = YES;
				CLANG_WARN_INT_CONVERSION = YES;
				CLANG_WARN_NON_LITERAL_NULL_CONVERSION = YES;
				CLANG_WARN_OBJC_IMPLICIT_RETAIN_SELF = YES;
				CLANG_WARN_OBJC_LITERAL_CONVERSION = YES;
				CLANG_WARN_OBJC_ROOT_CLASS = YES_ERROR;
				CLANG_WARN_QUOTED_INCLUDE_IN_FRAMEWORK_HEADER = YES;
				CLANG_WARN_RANGE_LOOP_ANALYSIS = YES;
				CLANG_WARN_STRICT_PROTOTYPES = YES;
				CLANG_WARN_SUSPICIOUS_MOVE = YES;
				CLANG_WARN_UNGUARDED_AVAILABILITY = YES_AGGRESSIVE;
				CLANG_WARN_UNREACHABLE_CODE = YES;
				CLANG_WARN__DUPLICATE_METHOD_MATCH = YES;
				COPY_PHASE_STRIP = NO;
				DEBUG_INFORMATION_FORMAT = dwarf;
				ENABLE_STRICT_OBJC_MSGSEND = YES;
				ENABLE_TESTABILITY = YES;
				GCC_C_LANGUAGE_STANDARD = gnu11;
				GCC_DYNAMIC_NO_PIC = NO;
				GCC_NO_COMMON_BLOCKS = YES;
				GCC_OPTIMIZATION_LEVEL = 0;
				GCC_PREPROCESSOR_DEFINITIONS = (
					"DEBUG=1",
					"$(inherited)",
				);
				GCC_WARN_64_TO_32_BIT_CONVERSION = YES;
				GCC_WARN_ABOUT_RETURN_TYPE = YES_ERROR;
				GCC_WARN_UNDECLARED_SELECTOR = YES;
				GCC_WARN_UNINITIALIZED_AUTOS = YES_AGGRESSIVE;
				GCC_WARN_UNUSED_FUNCTION = YES;
				GCC_WARN_UNUSED_VARIABLE = YES;
				IPHONEOS_DEPLOYMENT_TARGET = 14.4;
				MTL_ENABLE_DEBUG_INFO = INCLUDE_SOURCE;
				MTL_FAST_MATH = YES;
				ONLY_ACTIVE_ARCH = YES;
				SDKROOT = iphoneos;
				SWIFT_ACTIVE_COMPILATION_CONDITIONS = DEBUG;
				SWIFT_OPTIMIZATION_LEVEL = "-Onone";
			};
			name = Debug;
		};
		FE33EC2B262AC2470040DEAC /* Release */ = {
			isa = XCBuildConfiguration;
			buildSettings = {
				ALWAYS_SEARCH_USER_PATHS = NO;
				CLANG_ANALYZER_NONNULL = YES;
				CLANG_ANALYZER_NUMBER_OBJECT_CONVERSION = YES_AGGRESSIVE;
				CLANG_CXX_LANGUAGE_STANDARD = "gnu++14";
				CLANG_CXX_LIBRARY = "libc++";
				CLANG_ENABLE_MODULES = YES;
				CLANG_ENABLE_OBJC_ARC = YES;
				CLANG_ENABLE_OBJC_WEAK = YES;
				CLANG_WARN_BLOCK_CAPTURE_AUTORELEASING = YES;
				CLANG_WARN_BOOL_CONVERSION = YES;
				CLANG_WARN_COMMA = YES;
				CLANG_WARN_CONSTANT_CONVERSION = YES;
				CLANG_WARN_DEPRECATED_OBJC_IMPLEMENTATIONS = YES;
				CLANG_WARN_DIRECT_OBJC_ISA_USAGE = YES_ERROR;
				CLANG_WARN_DOCUMENTATION_COMMENTS = YES;
				CLANG_WARN_EMPTY_BODY = YES;
				CLANG_WARN_ENUM_CONVERSION = YES;
				CLANG_WARN_INFINITE_RECURSION = YES;
				CLANG_WARN_INT_CONVERSION = YES;
				CLANG_WARN_NON_LITERAL_NULL_CONVERSION = YES;
				CLANG_WARN_OBJC_IMPLICIT_RETAIN_SELF = YES;
				CLANG_WARN_OBJC_LITERAL_CONVERSION = YES;
				CLANG_WARN_OBJC_ROOT_CLASS = YES_ERROR;
				CLANG_WARN_QUOTED_INCLUDE_IN_FRAMEWORK_HEADER = YES;
				CLANG_WARN_RANGE_LOOP_ANALYSIS = YES;
				CLANG_WARN_STRICT_PROTOTYPES = YES;
				CLANG_WARN_SUSPICIOUS_MOVE = YES;
				CLANG_WARN_UNGUARDED_AVAILABILITY = YES_AGGRESSIVE;
				CLANG_WARN_UNREACHABLE_CODE = YES;
				CLANG_WARN__DUPLICATE_METHOD_MATCH = YES;
				COPY_PHASE_STRIP = NO;
				DEBUG_INFORMATION_FORMAT = "dwarf-with-dsym";
				ENABLE_NS_ASSERTIONS = NO;
				ENABLE_STRICT_OBJC_MSGSEND = YES;
				GCC_C_LANGUAGE_STANDARD = gnu11;
				GCC_NO_COMMON_BLOCKS = YES;
				GCC_WARN_64_TO_32_BIT_CONVERSION = YES;
				GCC_WARN_ABOUT_RETURN_TYPE = YES_ERROR;
				GCC_WARN_UNDECLARED_SELECTOR = YES;
				GCC_WARN_UNINITIALIZED_AUTOS = YES_AGGRESSIVE;
				GCC_WARN_UNUSED_FUNCTION = YES;
				GCC_WARN_UNUSED_VARIABLE = YES;
				IPHONEOS_DEPLOYMENT_TARGET = 14.4;
				MTL_ENABLE_DEBUG_INFO = NO;
				MTL_FAST_MATH = YES;
				SDKROOT = iphoneos;
				SWIFT_COMPILATION_MODE = wholemodule;
				SWIFT_OPTIMIZATION_LEVEL = "-O";
				VALIDATE_PRODUCT = YES;
			};
			name = Release;
		};
		FE33EC2D262AC2470040DEAC /* Debug */ = {
			isa = XCBuildConfiguration;
			buildSettings = {
				ASSETCATALOG_COMPILER_APPICON_NAME = AppIcon;
				ASSETCATALOG_COMPILER_GLOBAL_ACCENT_COLOR_NAME = AccentColor;
				CODE_SIGN_STYLE = Automatic;
				DEVELOPMENT_ASSET_PATHS = "\"CoreDataProject/Preview Content\"";
				ENABLE_PREVIEWS = YES;
				INFOPLIST_FILE = CoreDataProject/Info.plist;
				IPHONEOS_DEPLOYMENT_TARGET = 14.0;
				LD_RUNPATH_SEARCH_PATHS = (
					"$(inherited)",
					"@executable_path/Frameworks",
				);
				PRODUCT_BUNDLE_IDENTIFIER = me.anarase.amruta.CoreDataProject;
				PRODUCT_NAME = "$(TARGET_NAME)";
				SWIFT_VERSION = 5.0;
				TARGETED_DEVICE_FAMILY = "1,2";
			};
			name = Debug;
		};
		FE33EC2E262AC2470040DEAC /* Release */ = {
			isa = XCBuildConfiguration;
			buildSettings = {
				ASSETCATALOG_COMPILER_APPICON_NAME = AppIcon;
				ASSETCATALOG_COMPILER_GLOBAL_ACCENT_COLOR_NAME = AccentColor;
				CODE_SIGN_STYLE = Automatic;
				DEVELOPMENT_ASSET_PATHS = "\"CoreDataProject/Preview Content\"";
				ENABLE_PREVIEWS = YES;
				INFOPLIST_FILE = CoreDataProject/Info.plist;
				IPHONEOS_DEPLOYMENT_TARGET = 14.0;
				LD_RUNPATH_SEARCH_PATHS = (
					"$(inherited)",
					"@executable_path/Frameworks",
				);
				PRODUCT_BUNDLE_IDENTIFIER = me.anarase.amruta.CoreDataProject;
				PRODUCT_NAME = "$(TARGET_NAME)";
				SWIFT_VERSION = 5.0;
				TARGETED_DEVICE_FAMILY = "1,2";
			};
			name = Release;
		};
/* End XCBuildConfiguration section */

/* Begin XCConfigurationList section */
		FE33EC18262AC2440040DEAC /* Build configuration list for PBXProject "CoreDataProject" */ = {
			isa = XCConfigurationList;
			buildConfigurations = (
				FE33EC2A262AC2470040DEAC /* Debug */,
				FE33EC2B262AC2470040DEAC /* Release */,
			);
			defaultConfigurationIsVisible = 0;
			defaultConfigurationName = Release;
		};
		FE33EC2C262AC2470040DEAC /* Build configuration list for PBXNativeTarget "CoreDataProject" */ = {
			isa = XCConfigurationList;
			buildConfigurations = (
				FE33EC2D262AC2470040DEAC /* Debug */,
				FE33EC2E262AC2470040DEAC /* Release */,
			);
			defaultConfigurationIsVisible = 0;
			defaultConfigurationName = Release;
		};
/* End XCConfigurationList section */

/* Begin XCVersionGroup section */
		FE33EC30262AC28E0040DEAC /* CoreDataProjectModel.xcdatamodeld */ = {
			isa = XCVersionGroup;
			children = (
				FE33EC31262AC28E0040DEAC /* CoreDataProjectModel.xcdatamodel */,
			);
			currentVersion = FE33EC31262AC28E0040DEAC /* CoreDataProjectModel.xcdatamodel */;
			path = CoreDataProjectModel.xcdatamodeld;
			sourceTree = "<group>";
			versionGroupType = wrapper.xcdatamodel;
		};
/* End XCVersionGroup section */
	};
	rootObject = FE33EC15262AC2440040DEAC /* Project object */;
}
